
Microsoft Visual Studio Solution File, Format Version 12.00
# Visual Studio 15
VisualStudioVersion = 15.0.28010.2003
MinimumVisualStudioVersion = 10.0.40219.1
Project("{9A19103F-16F7-4668-BE54-9A1E7A4F7556}") = "Practice.UI", "Practice.UI\Practice.UI.csproj", "{C9421E14-B7BF-4EA5-BC83-48F843F2E171}"
EndProject
Project("{9A19103F-16F7-4668-BE54-9A1E7A4F7556}") = "Practice.Library", "Practice.Library\Practice.Library.csproj", "{926B5816-3487-45E1-8381-4F058AEC7508}"
EndProject
Project("{FAE04EC0-301F-11D3-BF4B-00C04F79EFBC}") = "Practice.StrategyRuleExample", "Practice.StrategyRuleExample\Practice.StrategyRuleExample.csproj", "{C0F34A56-01FE-4612-AC69-DC9A67ECB876}"
EndProject
Global
	GlobalSection(SolutionConfigurationPlatforms) = preSolution
		Debug|Any CPU = Debug|Any CPU
		Release|Any CPU = Release|Any CPU
	EndGlobalSection
	GlobalSection(ProjectConfigurationPlatforms) = postSolution
		{C9421E14-B7BF-4EA5-BC83-48F843F2E171}.Debug|Any CPU.ActiveCfg = Debug|Any CPU
		{C9421E14-B7BF-4EA5-BC83-48F843F2E171}.Debug|Any CPU.Build.0 = Debug|Any CPU
		{C9421E14-B7BF-4EA5-BC83-48F843F2E171}.Release|Any CPU.ActiveCfg = Release|Any CPU
		{C9421E14-B7BF-4EA5-BC83-48F843F2E171}.Release|Any CPU.Build.0 = Release|Any CPU
		{926B5816-3487-45E1-8381-4F058AEC7508}.Debug|Any CPU.ActiveCfg = Debug|Any CPU
		{926B5816-3487-45E1-8381-4F058AEC7508}.Debug|Any CPU.Build.0 = Debug|Any CPU
		{926B5816-3487-45E1-8381-4F058AEC7508}.Release|Any CPU.ActiveCfg = Release|Any CPU
		{926B5816-3487-45E1-8381-4F058AEC7508}.Release|Any CPU.Build.0 = Release|Any CPU
		{C0F34A56-01FE-4612-AC69-DC9A67ECB876}.Debug|Any CPU.ActiveCfg = Debug|Any CPU
		{C0F34A56-01FE-4612-AC69-DC9A67ECB876}.Debug|Any CPU.Build.0 = Debug|Any CPU
		{C0F34A56-01FE-4612-AC69-DC9A67ECB876}.Release|Any CPU.ActiveCfg = Release|Any CPU
		{C0F34A56-01FE-4612-AC69-DC9A67ECB876}.Release|Any CPU.Build.0 = Release|Any CPU
	EndGlobalSection
	GlobalSection(SolutionProperties) = preSolution
		HideSolutionNode = FALSE
	EndGlobalSection
	GlobalSection(ExtensibilityGlobals) = postSolution
		SolutionGuid = {DDD7412A-BA0E-4DE0-B853-F8677C898751}
	EndGlobalSection
EndGlobal
